// !$*UTF8*$!
{
	archiveVersion = 1;
	classes = {
	};
	objectVersion = 50;
	objects = {

/* Begin PBXBuildFile section */
		13DF568321518CC60092E8F4 /* AppDelegate.swift in Sources */ = {isa = PBXBuildFile; fileRef = 13DF568221518CC60092E8F4 /* AppDelegate.swift */; };
		13DF568521518CC60092E8F4 /* ViewController.swift in Sources */ = {isa = PBXBuildFile; fileRef = 13DF568421518CC60092E8F4 /* ViewController.swift */; };
		13DF568821518CC60092E8F4 /* Main.storyboard in Resources */ = {isa = PBXBuildFile; fileRef = 13DF568621518CC60092E8F4 /* Main.storyboard */; };
		13DF568A21518CC80092E8F4 /* Assets.xcassets in Resources */ = {isa = PBXBuildFile; fileRef = 13DF568921518CC80092E8F4 /* Assets.xcassets */; };
		13DF568D21518CC80092E8F4 /* LaunchScreen.storyboard in Resources */ = {isa = PBXBuildFile; fileRef = 13DF568B21518CC80092E8F4 /* LaunchScreen.storyboard */; };
/* End PBXBuildFile section */

/* Begin PBXFileReference section */
		13DF567F21518CC60092E8F4 /* ios-firebase-chat.app */ = {isa = PBXFileReference; explicitFileType = wrapper.application; includeInIndex = 0; path = "ios-firebase-chat.app"; sourceTree = BUILT_PRODUCTS_DIR; };
		13DF568221518CC60092E8F4 /* AppDelegate.swift */ = {isa = PBXFileReference; lastKnownFileType = sourcecode.swift; name = AppDelegate.swift; path = "ios-firebase-chat/AppDelegate.swift"; sourceTree = "<group>"; };
		13DF568421518CC60092E8F4 /* ViewController.swift */ = {isa = PBXFileReference; lastKnownFileType = sourcecode.swift; name = ViewController.swift; path = "ios-firebase-chat/ViewController.swift"; sourceTree = "<group>"; };
		13DF568721518CC60092E8F4 /* Base */ = {isa = PBXFileReference; lastKnownFileType = file.storyboard; name = Base; path = Base.lproj/Main.storyboard; sourceTree = "<group>"; };
		13DF568921518CC80092E8F4 /* Assets.xcassets */ = {isa = PBXFileReference; lastKnownFileType = folder.assetcatalog; name = Assets.xcassets; path = "ios-firebase-chat/Assets.xcassets"; sourceTree = "<group>"; };
		13DF568C21518CC80092E8F4 /* Base */ = {isa = PBXFileReference; lastKnownFileType = file.storyboard; name = Base; path = Base.lproj/LaunchScreen.storyboard; sourceTree = "<group>"; };
		13DF568E21518CC80092E8F4 /* Info.plist */ = {isa = PBXFileReference; lastKnownFileType = text.plist.xml; name = Info.plist; path = "ios-firebase-chat/Info.plist"; sourceTree = "<group>"; };
/* End PBXFileReference section */

/* Begin PBXFrameworksBuildPhase section */
		13DF567C21518CC60092E8F4 /* Frameworks */ = {
			isa = PBXFrameworksBuildPhase;
			buildActionMask = 2147483647;
			files = (
			);
			runOnlyForDeploymentPostprocessing = 0;
		};
/* End PBXFrameworksBuildPhase section */

/* Begin PBXGroup section */
		13DF567621518CC60092E8F4 = {
			isa = PBXGroup;
			children = (
				13DF568121518CC60092E8F4 /* ios-firebase-chat */,
				13DF568021518CC60092E8F4 /* Products */,
			);
			sourceTree = "<group>";
		};
		13DF568021518CC60092E8F4 /* Products */ = {
			isa = PBXGroup;
			children = (
				13DF567F21518CC60092E8F4 /* ios-firebase-chat.app */,
			);
			name = Products;
			sourceTree = "<group>";
		};
		13DF568121518CC60092E8F4 /* ios-firebase-chat */ = {
			isa = PBXGroup;
			children = (
				13DF568221518CC60092E8F4 /* AppDelegate.swift */,
				13DF568421518CC60092E8F4 /* ViewController.swift */,
				13DF568621518CC60092E8F4 /* Main.storyboard */,
				13DF568921518CC80092E8F4 /* Assets.xcassets */,
				13DF568B21518CC80092E8F4 /* LaunchScreen.storyboard */,
				13DF568E21518CC80092E8F4 /* Info.plist */,
			);
			name = "ios-firebase-chat";
			sourceTree = "<group>";
		};
/* End PBXGroup section */

/* Begin PBXNativeTarget section */
		13DF567E21518CC60092E8F4 /* ios-firebase-chat */ = {
			isa = PBXNativeTarget;
			buildConfigurationList = 13DF569121518CC80092E8F4 /* Build configuration list for PBXNativeTarget "ios-firebase-chat" */;
			buildPhases = (
				13DF567B21518CC60092E8F4 /* Sources */,
				13DF567C21518CC60092E8F4 /* Frameworks */,
				13DF567D21518CC60092E8F4 /* Resources */,
			);
			buildRules = (
			);
			dependencies = (
			);
			name = "ios-firebase-chat";
			productName = "ios-firebase-chat";
			productReference = 13DF567F21518CC60092E8F4 /* ios-firebase-chat.app */;
			productType = "com.apple.product-type.application";
		};
/* End PBXNativeTarget section */

/* Begin PBXProject section */
		13DF567721518CC60092E8F4 /* Project object */ = {
			isa = PBXProject;
			attributes = {
				LastSwiftUpdateCheck = 1000;
				LastUpgradeCheck = 1000;
				ORGANIZATIONNAME = Conner;
				TargetAttributes = {
					13DF567E21518CC60092E8F4 = {
						CreatedOnToolsVersion = 10.0;
					};
				};
			};
			buildConfigurationList = 13DF567A21518CC60092E8F4 /* Build configuration list for PBXProject "ios-firebase-chat" */;
			compatibilityVersion = "Xcode 9.3";
			developmentRegion = en;
			hasScannedForEncodings = 0;
			knownRegions = (
				en,
				Base,
			);
			mainGroup = 13DF567621518CC60092E8F4;
			productRefGroup = 13DF568021518CC60092E8F4 /* Products */;
			projectDirPath = "";
			projectRoot = "";
			targets = (
				13DF567E21518CC60092E8F4 /* ios-firebase-chat */,
			);
		};
/* End PBXProject section */

/* Begin PBXResourcesBuildPhase section */
		13DF567D21518CC60092E8F4 /* Resources */ = {
			isa = PBXResourcesBuildPhase;
			buildActionMask = 2147483647;
			files = (
				13DF568D21518CC80092E8F4 /* LaunchScreen.storyboard in Resources */,
				13DF568A21518CC80092E8F4 /* Assets.xcassets in Resources */,
				13DF568821518CC60092E8F4 /* Main.storyboard in Resources */,
			);
			runOnlyForDeploymentPostprocessing = 0;
		};
/* End PBXResourcesBuildPhase section */

/* Begin PBXSourcesBuildPhase section */
		13DF567B21518CC60092E8F4 /* Sources */ = {
			isa = PBXSourcesBuildPhase;
			buildActionMask = 2147483647;
			files = (
				13DF568521518CC60092E8F4 /* ViewController.swift in Sources */,
				13DF568321518CC60092E8F4 /* AppDelegate.swift in Sources */,
			);
			runOnlyForDeploymentPostprocessing = 0;
		};
/* End PBXSourcesBuildPhase section */

/* Begin PBXVariantGroup section */
		13DF568621518CC60092E8F4 /* Main.storyboard */ = {
			isa = PBXVariantGroup;
			children = (
				13DF568721518CC60092E8F4 /* Base */,
			);
			name = Main.storyboard;
			path = "ios-firebase-chat";
			sourceTree = "<group>";
		};
		13DF568B21518CC80092E8F4 /* LaunchScreen.storyboard */ = {
			isa = PBXVariantGroup;
			children = (
				13DF568C21518CC80092E8F4 /* Base */,
			);
			name = LaunchScreen.storyboard;
			path = "ios-firebase-chat";
			sourceTree = "<group>";
		};
/* End PBXVariantGroup section */

/* Begin XCBuildConfiguration section */
		13DF568F21518CC80092E8F4 /* Debug */ = {
			isa = XCBuildConfiguration;
			buildSettings = {
				ALWAYS_SEARCH_USER_PATHS = NO;
				CLANG_ANALYZER_NONNULL = YES;
				CLANG_ANALYZER_NUMBER_OBJECT_CONVERSION = YES_AGGRESSIVE;
				CLANG_CXX_LANGUAGE_STANDARD = "gnu++14";
				CLANG_CXX_LIBRARY = "libc++";
				CLANG_ENABLE_MODULES = YES;
				CLANG_ENABLE_OBJC_ARC = YES;
				CLANG_ENABLE_OBJC_WEAK = YES;
				CLANG_WARN_BLOCK_CAPTURE_AUTORELEASING = YES;
				CLANG_WARN_BOOL_CONVERSION = YES;
				CLANG_WARN_COMMA = YES;
				CLANG_WARN_CONSTANT_CONVERSION = YES;
				CLANG_WARN_DEPRECATED_OBJC_IMPLEMENTATIONS = YES;
				CLANG_WARN_DIRECT_OBJC_ISA_USAGE = YES_ERROR;
				CLANG_WARN_DOCUMENTATION_COMMENTS = YES;
				CLANG_WARN_EMPTY_BODY = YES;
				CLANG_WARN_ENUM_CONVERSION = YES;
				CLANG_WARN_INFINITE_RECURSION = YES;
				CLANG_WARN_INT_CONVERSION = YES;
				CLANG_WARN_NON_LITERAL_NULL_CONVERSION = YES;
				CLANG_WARN_OBJC_IMPLICIT_RETAIN_SELF = YES;
				CLANG_WARN_OBJC_LITERAL_CONVERSION = YES;
				CLANG_WARN_OBJC_ROOT_CLASS = YES_ERROR;
				CLANG_WARN_RANGE_LOOP_ANALYSIS = YES;
				CLANG_WARN_STRICT_PROTOTYPES = YES;
				CLANG_WARN_SUSPICIOUS_MOVE = YES;
				CLANG_WARN_UNGUARDED_AVAILABILITY = YES_AGGRESSIVE;
				CLANG_WARN_UNREACHABLE_CODE = YES;
				CLANG_WARN__DUPLICATE_METHOD_MATCH = YES;
				CODE_SIGN_IDENTITY = "iPhone Developer";
				COPY_PHASE_STRIP = NO;
				DEBUG_INFORMATION_FORMAT = dwarf;
				ENABLE_STRICT_OBJC_MSGSEND = YES;
				ENABLE_TESTABILITY = YES;
				GCC_C_LANGUAGE_STANDARD = gnu11;
				GCC_DYNAMIC_NO_PIC = NO;
				GCC_NO_COMMON_BLOCKS = YES;
				GCC_OPTIMIZATION_LEVEL = 0;
				GCC_PREPROCESSOR_DEFINITIONS = (
					"DEBUG=1",
					"$(inherited)",
				);
				GCC_WARN_64_TO_32_BIT_CONVERSION = YES;
				GCC_WARN_ABOUT_RETURN_TYPE = YES_ERROR;
				GCC_WARN_UNDECLARED_SELECTOR = YES;
				GCC_WARN_UNINITIALIZED_AUTOS = YES_AGGRESSIVE;
				GCC_WARN_UNUSED_FUNCTION = YES;
				GCC_WARN_UNUSED_VARIABLE = YES;
				IPHONEOS_DEPLOYMENT_TARGET = 12.0;
				MTL_ENABLE_DEBUG_INFO = INCLUDE_SOURCE;
				MTL_FAST_MATH = YES;
				ONLY_ACTIVE_ARCH = YES;
				SDKROOT = iphoneos;
				SWIFT_ACTIVE_COMPILATION_CONDITIONS = DEBUG;
				SWIFT_OPTIMIZATION_LEVEL = "-Onone";
			};
			name = Debug;
		};
		13DF569021518CC80092E8F4 /* Release */ = {
			isa = XCBuildConfiguration;
			buildSettings = {
				ALWAYS_SEARCH_USER_PATHS = NO;
				CLANG_ANALYZER_NONNULL = YES;
				CLANG_ANALYZER_NUMBER_OBJECT_CONVERSION = YES_AGGRESSIVE;
				CLANG_CXX_LANGUAGE_STANDARD = "gnu++14";
				CLANG_CXX_LIBRARY = "libc++";
				CLANG_ENABLE_MODULES = YES;
				CLANG_ENABLE_OBJC_ARC = YES;
				CLANG_ENABLE_OBJC_WEAK = YES;
				CLANG_WARN_BLOCK_CAPTURE_AUTORELEASING = YES;
				CLANG_WARN_BOOL_CONVERSION = YES;
				CLANG_WARN_COMMA = YES;
				CLANG_WARN_CONSTANT_CONVERSION = YES;
				CLANG_WARN_DEPRECATED_OBJC_IMPLEMENTATIONS = YES;
				CLANG_WARN_DIRECT_OBJC_ISA_USAGE = YES_ERROR;
				CLANG_WARN_DOCUMENTATION_COMMENTS = YES;
				CLANG_WARN_EMPTY_BODY = YES;
				CLANG_WARN_ENUM_CONVERSION = YES;
				CLANG_WARN_INFINITE_RECURSION = YES;
				CLANG_WARN_INT_CONVERSION = YES;
				CLANG_WARN_NON_LITERAL_NULL_CONVERSION = YES;
				CLANG_WARN_OBJC_IMPLICIT_RETAIN_SELF = YES;
				CLANG_WARN_OBJC_LITERAL_CONVERSION = YES;
				CLANG_WARN_OBJC_ROOT_CLASS = YES_ERROR;
				CLANG_WARN_RANGE_LOOP_ANALYSIS = YES;
				CLANG_WARN_STRICT_PROTOTYPES = YES;
				CLANG_WARN_SUSPICIOUS_MOVE = YES;
				CLANG_WARN_UNGUARDED_AVAILABILITY = YES_AGGRESSIVE;
				CLANG_WARN_UNREACHABLE_CODE = YES;
				CLANG_WARN__DUPLICATE_METHOD_MATCH = YES;
				CODE_SIGN_IDENTITY = "iPhone Developer";
				COPY_PHASE_STRIP = NO;
				DEBUG_INFORMATION_FORMAT = "dwarf-with-dsym";
				ENABLE_NS_ASSERTIONS = NO;
				ENABLE_STRICT_OBJC_MSGSEND = YES;
				GCC_C_LANGUAGE_STANDARD = gnu11;
				GCC_NO_COMMON_BLOCKS = YES;
				GCC_WARN_64_TO_32_BIT_CONVERSION = YES;
				GCC_WARN_ABOUT_RETURN_TYPE = YES_ERROR;
				GCC_WARN_UNDECLARED_SELECTOR = YES;
				GCC_WARN_UNINITIALIZED_AUTOS = YES_AGGRESSIVE;
				GCC_WARN_UNUSED_FUNCTION = YES;
				GCC_WARN_UNUSED_VARIABLE = YES;
				IPHONEOS_DEPLOYMENT_TARGET = 12.0;
				MTL_ENABLE_DEBUG_INFO = NO;
				MTL_FAST_MATH = YES;
				SDKROOT = iphoneos;
				SWIFT_COMPILATION_MODE = wholemodule;
				SWIFT_OPTIMIZATION_LEVEL = "-O";
				VALIDATE_PRODUCT = YES;
			};
			name = Release;
		};
		13DF569221518CC80092E8F4 /* Debug */ = {
			isa = XCBuildConfiguration;
			buildSettings = {
				ASSETCATALOG_COMPILER_APPICON_NAME = AppIcon;
				CODE_SIGN_STYLE = Automatic;
				INFOPLIST_FILE = "ios-firebase-chat/Info.plist";
				LD_RUNPATH_SEARCH_PATHS = (
					"$(inherited)",
					"@executable_path/Frameworks",
				);
				PRODUCT_BUNDLE_IDENTIFIER = "Conner.Lambda.ios-firebase-chat";
				PRODUCT_NAME = "$(TARGET_NAME)";
				SWIFT_VERSION = 4.2;
				TARGETED_DEVICE_FAMILY = "1,2";
			};
			name = Debug;
		};
		13DF569321518CC80092E8F4 /* Release */ = {
			isa = XCBuildConfiguration;
			buildSettings = {
				ASSETCATALOG_COMPILER_APPICON_NAME = AppIcon;
				CODE_SIGN_STYLE = Automatic;
				INFOPLIST_FILE = "ios-firebase-chat/Info.plist";
				LD_RUNPATH_SEARCH_PATHS = (
					"$(inherited)",
					"@executable_path/Frameworks",
				);
				PRODUCT_BUNDLE_IDENTIFIER = "Conner.Lambda.ios-firebase-chat";
				PRODUCT_NAME = "$(TARGET_NAME)";
				SWIFT_VERSION = 4.2;
				TARGETED_DEVICE_FAMILY = "1,2";
			};
			name = Release;
		};
/* End XCBuildConfiguration section */

/* Begin XCConfigurationList section */
		13DF567A21518CC60092E8F4 /* Build configuration list for PBXProject "ios-firebase-chat" */ = {
			isa = XCConfigurationList;
			buildConfigurations = (
				13DF568F21518CC80092E8F4 /* Debug */,
				13DF569021518CC80092E8F4 /* Release */,
			);
			defaultConfigurationIsVisible = 0;
			defaultConfigurationName = Release;
		};
		13DF569121518CC80092E8F4 /* Build configuration list for PBXNativeTarget "ios-firebase-chat" */ = {
			isa = XCConfigurationList;
			buildConfigurations = (
				13DF569221518CC80092E8F4 /* Debug */,
				13DF569321518CC80092E8F4 /* Release */,
			);
			defaultConfigurationIsVisible = 0;
			defaultConfigurationName = Release;
		};
/* End XCConfigurationList section */
	};
	rootObject = 13DF567721518CC60092E8F4 /* Project object */;
}
